{
  "version": 4,
  "terraform_version": "1.13.3",
  "serial": 33,
  "lineage": "ea2f5e4b-3334-924b-57bb-a73bb77af720",
  "outputs": {},
  "resources": [
    {
      "mode": "managed",
      "type": "azurerm_linux_virtual_machine",
      "name": "rg",
      "provider": "provider[\"registry.terraform.io/hashicorp/azurerm\"]",
      "instances": [
        {
          "schema_version": 0,
          "attributes": {
            "additional_capabilities": [],
            "admin_password": null,
            "admin_ssh_key": [
              {
                "public_key": "ssh-rsa AAAAB3NzaC1yc2EAAAADAQABAAACAQDVPgpaGeI9wzeD3QTdcMManh4cQOCl6xAN7niz6wV+Iy0q1sSSxHwrU8e0uPTm1DIcvLsoRmWfTWSvnHEvw3X9E/2kJ616r5Fpt25ikbiQWl2FPvULBwY0u1gOaU8xL8ZIE0H/GoTRsq6pggf73YO2Re+30kCKpoF5beu4RU5e9L77TQBx2oWKrLHoujsJp4AHLKqkEfm+sbhhNJCh7MWirAy+Qeo3L1qON6jiFzasWt9ssDS5mYtW0Po4QFe1Yywt1C8RUcw04jOIL+PnjvO9xalpf1ctj6jwbxzBNu1j9CJB49uqR2YowzmcdQsVA8WS2d+2cRX3DWzfg/tKS9AgOCrT7WO+jwBP9VBpYUfpCGi95z+aCvmlGkugXqiIsyw8MwJi1CoGrNGqyflJ6FwOLSrUYJ/4hHQRXVY+/mhPMJMhE0YHfB1QO6lej6JeXdlW8p5pSAZA1fYKGQ0cbmlhqdV6UdEitOLDo5Bgy4Pnju4alkgG78+J2uuiYCNlUa4EKWg7auGr5b1xg91d0gIDlFc88A0tHLNrveTZPicLkMomFzNgZl/utWR3B3KoPshxPDaWAta1HI2DhPkfjZmHb1lBF2mw3Q57ViwFsWlE488TtoZ94gHBZ/+KOPfGvLMHxGolT7KCqdfIswMiPwDjsI7CheR7dWYusjdjMVWB/Q== gurjotsingh@gsingh2-FKWFWX4XXF.local\n",
                "username": "guacadmin"
              }
            ],
            "admin_username": "guacadmin",
            "allow_extension_operations": true,
            "availability_set_id": "",
            "boot_diagnostics": [],
            "computer_name": "rg-machine",
            "custom_data": "IyEvYmluL2Jhc2gKc3VkbyBhcHQgdXBkYXRlIC15IApzdWRvIGFwdCB1cGdyYWRlIC15CnN1ZG8gYXB0IGluc3RhbGwgeHJkcCAteQpzdWRvIHN5c3RlbWN0bCBlbmFibGUgeHJkcApzdWRvIHN5c3RlbWN0bCBzdGFydCB4cmRwCg==",
            "dedicated_host_group_id": "",
            "dedicated_host_id": "",
            "disable_password_authentication": true,
            "edge_zone": "",
            "encryption_at_host_enabled": false,
            "eviction_policy": "",
            "extensions_time_budget": "PT1H30M",
            "id": "/subscriptions/06aa42a5-0a50-4720-81c6-e2f864ec8860/resourceGroups/guacamolerg/providers/Microsoft.Compute/virtualMachines/rg-machine",
            "identity": [],
            "license_type": "",
            "location": "westus2",
            "max_bid_price": -1,
            "name": "rg-machine",
            "network_interface_ids": [
              "/subscriptions/06aa42a5-0a50-4720-81c6-e2f864ec8860/resourceGroups/guacamolerg/providers/Microsoft.Network/networkInterfaces/rg-nic"
            ],
            "os_disk": [
              {
                "caching": "ReadWrite",
                "diff_disk_settings": [],
                "disk_encryption_set_id": "",
                "disk_size_gb": 30,
                "name": "rg-machine_OsDisk_1_706a0ad940f74a10960d53d26b31e9bb",
                "storage_account_type": "Standard_LRS",
                "write_accelerator_enabled": false
              }
            ],
            "patch_mode": "ImageDefault",
            "plan": [],
            "platform_fault_domain": -1,
            "priority": "Regular",
            "private_ip_address": "10.0.1.4",
            "private_ip_addresses": [
              "10.0.1.4"
            ],
            "provision_vm_agent": true,
            "proximity_placement_group_id": "",
            "public_ip_address": "20.3.210.74",
            "public_ip_addresses": [
              "20.3.210.74"
            ],
            "resource_group_name": "guacamolerg",
            "secret": [],
            "secure_boot_enabled": false,
            "size": "Standard_F2",
            "source_image_id": "",
            "source_image_reference": [
              {
                "offer": "0001-com-ubuntu-server-jammy",
                "publisher": "Canonical",
                "sku": "22_04-lts",
                "version": "latest"
              }
            ],
            "tags": {},
            "termination_notification": [],
            "timeouts": null,
            "user_data": "",
            "virtual_machine_id": "44626601-c354-4a9f-aed1-75d791cb509b",
            "virtual_machine_scale_set_id": "",
            "vtpm_enabled": false,
            "zone": ""
          },
          "sensitive_attributes": [
            [
              {
                "type": "get_attr",
                "value": "admin_password"
              }
            ],
            [
              {
                "type": "get_attr",
                "value": "custom_data"
              }
            ]
          ],
          "identity_schema_version": 0,
          "private": "eyJlMmJmYjczMC1lY2FhLTExZTYtOGY4OC0zNDM2M2JjN2M0YzAiOnsiY3JlYXRlIjoyNzAwMDAwMDAwMDAwLCJkZWxldGUiOjI3MDAwMDAwMDAwMDAsInJlYWQiOjMwMDAwMDAwMDAwMCwidXBkYXRlIjoyNzAwMDAwMDAwMDAwfX0=",
          "dependencies": [
            "azurerm_network_interface.nic",
            "azurerm_public_ip.pubip",
            "azurerm_resource_group.rg",
            "azurerm_subnet.guacsubnet",
            "azurerm_virtual_network.vnet"
          ]
        }
      ]
    },
    {
      "mode": "managed",
      "type": "azurerm_network_interface",
      "name": "nic",
      "provider": "provider[\"registry.terraform.io/hashicorp/azurerm\"]",
      "instances": [
        {
          "schema_version": 0,
          "attributes": {
            "applied_dns_servers": [],
            "dns_servers": [],
            "edge_zone": "",
            "enable_accelerated_networking": false,
            "enable_ip_forwarding": false,
            "id": "/subscriptions/06aa42a5-0a50-4720-81c6-e2f864ec8860/resourceGroups/guacamolerg/providers/Microsoft.Network/networkInterfaces/rg-nic",
            "internal_dns_name_label": "",
            "internal_domain_name_suffix": "",
            "ip_configuration": [
              {
                "gateway_load_balancer_frontend_ip_configuration_id": "",
                "name": "internal",
                "primary": true,
                "private_ip_address": "10.0.1.4",
                "private_ip_address_allocation": "Dynamic",
                "private_ip_address_version": "IPv4",
                "public_ip_address_id": "/subscriptions/06aa42a5-0a50-4720-81c6-e2f864ec8860/resourceGroups/guacamolerg/providers/Microsoft.Network/publicIPAddresses/acceptanceTestPublicIp1",
                "subnet_id": "/subscriptions/06aa42a5-0a50-4720-81c6-e2f864ec8860/resourceGroups/guacamolerg/providers/Microsoft.Network/virtualNetworks/guacamolevnet/subnets/guacsubnet"
              }
            ],
            "location": "westus2",
            "mac_address": "00-0D-3A-F6-64-45",
            "name": "rg-nic",
            "private_ip_address": "10.0.1.4",
            "private_ip_addresses": [
              "10.0.1.4"
            ],
            "resource_group_name": "guacamolerg",
            "tags": {},
            "timeouts": null,
            "virtual_machine_id": "/subscriptions/06aa42a5-0a50-4720-81c6-e2f864ec8860/resourceGroups/guacamolerg/providers/Microsoft.Compute/virtualMachines/rg-machine"
          },
          "sensitive_attributes": [],
          "identity_schema_version": 0,
          "private": "eyJlMmJmYjczMC1lY2FhLTExZTYtOGY4OC0zNDM2M2JjN2M0YzAiOnsiY3JlYXRlIjoxODAwMDAwMDAwMDAwLCJkZWxldGUiOjE4MDAwMDAwMDAwMDAsInJlYWQiOjMwMDAwMDAwMDAwMCwidXBkYXRlIjoxODAwMDAwMDAwMDAwfX0=",
          "dependencies": [
            "azurerm_public_ip.pubip",
            "azurerm_resource_group.rg",
            "azurerm_subnet.guacsubnet",
            "azurerm_virtual_network.vnet"
          ]
        }
      ]
    },
    {
      "mode": "managed",
      "type": "azurerm_network_security_group",
      "name": "guacnsg",
      "provider": "provider[\"registry.terraform.io/hashicorp/azurerm\"]",
      "instances": [
        {
          "schema_version": 0,
          "attributes": {
            "id": "/subscriptions/06aa42a5-0a50-4720-81c6-e2f864ec8860/resourceGroups/guacamolerg/providers/Microsoft.Network/networkSecurityGroups/guacnsg",
            "location": "westus2",
            "name": "guacnsg",
            "resource_group_name": "guacamolerg",
            "security_rule": [
              {
                "access": "Allow",
                "description": "",
                "destination_address_prefix": "*",
                "destination_address_prefixes": [],
                "destination_application_security_group_ids": [],
                "destination_port_range": "8080",
                "destination_port_ranges": [],
                "direction": "Inbound",
                "name": "allow_http",
                "priority": 102,
                "protocol": "Tcp",
                "source_address_prefix": "174.112.119.102/32",
                "source_address_prefixes": [],
                "source_application_security_group_ids": [],
                "source_port_range": "*",
                "source_port_ranges": []
              },
              {
                "access": "Allow",
                "description": null,
                "destination_address_prefix": "*",
                "destination_address_prefixes": [],
                "destination_application_security_group_ids": [],
                "destination_port_range": "22",
                "destination_port_ranges": [],
                "direction": "Inbound",
                "name": "allow_ssh",
                "priority": 101,
                "protocol": "Tcp",
                "source_address_prefix": "174.112.119.102/32",
                "source_address_prefixes": [],
                "source_application_security_group_ids": [],
                "source_port_range": "*",
                "source_port_ranges": []
              },
              {
                "access": "Allow",
                "description": null,
                "destination_address_prefix": "*",
                "destination_address_prefixes": [],
                "destination_application_security_group_ids": [],
                "destination_port_range": "3389",
                "destination_port_ranges": [],
                "direction": "Inbound",
                "name": "allow_rdp",
                "priority": 100,
                "protocol": "Tcp",
                "source_address_prefix": "174.112.119.102/32",
                "source_address_prefixes": [],
                "source_application_security_group_ids": [],
                "source_port_range": "*",
                "source_port_ranges": []
              }
            ],
            "tags": {
              "environment": "guacamole"
            },
            "timeouts": null
          },
          "sensitive_attributes": [],
          "identity_schema_version": 0,
          "private": "eyJlMmJmYjczMC1lY2FhLTExZTYtOGY4OC0zNDM2M2JjN2M0YzAiOnsiY3JlYXRlIjoxODAwMDAwMDAwMDAwLCJkZWxldGUiOjE4MDAwMDAwMDAwMDAsInJlYWQiOjMwMDAwMDAwMDAwMCwidXBkYXRlIjoxODAwMDAwMDAwMDAwfX0=",
          "dependencies": [
            "azurerm_resource_group.rg"
          ]
        }
      ]
    },
    {
      "mode": "managed",
      "type": "azurerm_public_ip",
      "name": "pubip",
      "provider": "provider[\"registry.terraform.io/hashicorp/azurerm\"]",
      "instances": [
        {
          "schema_version": 0,
          "attributes": {
            "allocation_method": "Static",
            "domain_name_label": null,
            "edge_zone": "",
            "fqdn": null,
            "id": "/subscriptions/06aa42a5-0a50-4720-81c6-e2f864ec8860/resourceGroups/guacamolerg/providers/Microsoft.Network/publicIPAddresses/acceptanceTestPublicIp1",
            "idle_timeout_in_minutes": 4,
            "ip_address": "20.3.210.74",
            "ip_tags": {},
            "ip_version": "IPv4",
            "location": "westus2",
            "name": "acceptanceTestPublicIp1",
            "public_ip_prefix_id": null,
            "resource_group_name": "guacamolerg",
            "reverse_fqdn": null,
            "sku": "Standard",
            "sku_tier": "Regional",
            "tags": {
              "environment": "Production"
            },
            "timeouts": null,
            "zones": []
          },
          "sensitive_attributes": [],
          "identity_schema_version": 0,
          "private": "eyJlMmJmYjczMC1lY2FhLTExZTYtOGY4OC0zNDM2M2JjN2M0YzAiOnsiY3JlYXRlIjoxODAwMDAwMDAwMDAwLCJkZWxldGUiOjE4MDAwMDAwMDAwMDAsInJlYWQiOjMwMDAwMDAwMDAwMCwidXBkYXRlIjoxODAwMDAwMDAwMDAwfX0=",
          "dependencies": [
            "azurerm_resource_group.rg"
          ]
        }
      ]
    },
    {
      "mode": "managed",
      "type": "azurerm_resource_group",
      "name": "rg",
      "provider": "provider[\"registry.terraform.io/hashicorp/azurerm\"]",
      "instances": [
        {
          "schema_version": 0,
          "attributes": {
            "id": "/subscriptions/06aa42a5-0a50-4720-81c6-e2f864ec8860/resourceGroups/guacamolerg",
            "location": "westus2",
            "name": "guacamolerg",
            "tags": {},
            "timeouts": null
          },
          "sensitive_attributes": [],
          "identity_schema_version": 0,
          "private": "eyJlMmJmYjczMC1lY2FhLTExZTYtOGY4OC0zNDM2M2JjN2M0YzAiOnsiY3JlYXRlIjo1NDAwMDAwMDAwMDAwLCJkZWxldGUiOjU0MDAwMDAwMDAwMDAsInJlYWQiOjMwMDAwMDAwMDAwMCwidXBkYXRlIjo1NDAwMDAwMDAwMDAwfX0="
        }
      ]
    },
    {
      "mode": "managed",
      "type": "azurerm_subnet",
      "name": "guacsubnet",
      "provider": "provider[\"registry.terraform.io/hashicorp/azurerm\"]",
      "instances": [
        {
          "schema_version": 0,
          "attributes": {
            "address_prefixes": [
              "10.0.1.0/24"
            ],
            "delegation": [],
            "enforce_private_link_endpoint_network_policies": false,
            "enforce_private_link_service_network_policies": false,
            "id": "/subscriptions/06aa42a5-0a50-4720-81c6-e2f864ec8860/resourceGroups/guacamolerg/providers/Microsoft.Network/virtualNetworks/guacamolevnet/subnets/guacsubnet",
            "name": "guacsubnet",
            "resource_group_name": "guacamolerg",
            "service_endpoint_policy_ids": [],
            "service_endpoints": [],
            "timeouts": null,
            "virtual_network_name": "guacamolevnet"
          },
          "sensitive_attributes": [],
          "identity_schema_version": 0,
          "private": "eyJlMmJmYjczMC1lY2FhLTExZTYtOGY4OC0zNDM2M2JjN2M0YzAiOnsiY3JlYXRlIjoxODAwMDAwMDAwMDAwLCJkZWxldGUiOjE4MDAwMDAwMDAwMDAsInJlYWQiOjMwMDAwMDAwMDAwMCwidXBkYXRlIjoxODAwMDAwMDAwMDAwfX0=",
          "dependencies": [
            "azurerm_resource_group.rg",
            "azurerm_virtual_network.vnet"
          ]
        }
      ]
    },
    {
      "mode": "managed",
      "type": "azurerm_subnet_network_security_group_association",
      "name": "nsgasso",
      "provider": "provider[\"registry.terraform.io/hashicorp/azurerm\"]",
      "instances": [
        {
          "schema_version": 0,
          "attributes": {
            "id": "/subscriptions/06aa42a5-0a50-4720-81c6-e2f864ec8860/resourceGroups/guacamolerg/providers/Microsoft.Network/virtualNetworks/guacamolevnet/subnets/guacsubnet",
            "network_security_group_id": "/subscriptions/06aa42a5-0a50-4720-81c6-e2f864ec8860/resourceGroups/guacamolerg/providers/Microsoft.Network/networkSecurityGroups/guacnsg",
            "subnet_id": "/subscriptions/06aa42a5-0a50-4720-81c6-e2f864ec8860/resourceGroups/guacamolerg/providers/Microsoft.Network/virtualNetworks/guacamolevnet/subnets/guacsubnet",
            "timeouts": null
          },
          "sensitive_attributes": [],
          "identity_schema_version": 0,
          "private": "eyJlMmJmYjczMC1lY2FhLTExZTYtOGY4OC0zNDM2M2JjN2M0YzAiOnsiY3JlYXRlIjoxODAwMDAwMDAwMDAwLCJkZWxldGUiOjE4MDAwMDAwMDAwMDAsInJlYWQiOjMwMDAwMDAwMDAwMCwidXBkYXRlIjoxODAwMDAwMDAwMDAwfX0=",
          "dependencies": [
            "azurerm_network_security_group.guacnsg",
            "azurerm_resource_group.rg",
            "azurerm_subnet.guacsubnet",
            "azurerm_virtual_network.vnet"
          ]
        }
      ]
    },
    {
      "mode": "managed",
      "type": "azurerm_virtual_network",
      "name": "vnet",
      "provider": "provider[\"registry.terraform.io/hashicorp/azurerm\"]",
      "instances": [
        {
          "schema_version": 0,
          "attributes": {
            "address_space": [
              "10.0.0.0/16"
            ],
            "bgp_community": "",
            "ddos_protection_plan": [],
            "dns_servers": [],
            "edge_zone": "",
            "flow_timeout_in_minutes": 0,
            "guid": "214f00ab-c895-4402-a988-0f7243d3b5da",
            "id": "/subscriptions/06aa42a5-0a50-4720-81c6-e2f864ec8860/resourceGroups/guacamolerg/providers/Microsoft.Network/virtualNetworks/guacamolevnet",
            "location": "westus2",
            "name": "guacamolevnet",
            "resource_group_name": "guacamolerg",
            "subnet": [
              {
                "address_prefix": "10.0.1.0/24",
                "id": "/subscriptions/06aa42a5-0a50-4720-81c6-e2f864ec8860/resourceGroups/guacamolerg/providers/Microsoft.Network/virtualNetworks/guacamolevnet/subnets/guacsubnet",
                "name": "guacsubnet",
                "security_group": "/subscriptions/06aa42a5-0a50-4720-81c6-e2f864ec8860/resourceGroups/guacamolerg/providers/Microsoft.Network/networkSecurityGroups/guacnsg"
              }
            ],
            "tags": {},
            "timeouts": null
          },
          "sensitive_attributes": [],
          "identity_schema_version": 0,
          "private": "eyJlMmJmYjczMC1lY2FhLTExZTYtOGY4OC0zNDM2M2JjN2M0YzAiOnsiY3JlYXRlIjoxODAwMDAwMDAwMDAwLCJkZWxldGUiOjE4MDAwMDAwMDAwMDAsInJlYWQiOjMwMDAwMDAwMDAwMCwidXBkYXRlIjoxODAwMDAwMDAwMDAwfX0=",
          "dependencies": [
            "azurerm_resource_group.rg"
          ]
        }
      ]
    }
  ],
  "check_results": null
}
